// !$*UTF8*$!
{
	archiveVersion = 1;
	classes = {
	};
	objectVersion = 50;
	objects = {

/* Begin PBXBuildFile section */
		280000E22671372A00CC120C /* AppDelegate.swift in Sources */ = {isa = PBXBuildFile; fileRef = 280000E12671372A00CC120C /* AppDelegate.swift */; };
		280000E42671372A00CC120C /* SceneDelegate.swift in Sources */ = {isa = PBXBuildFile; fileRef = 280000E32671372A00CC120C /* SceneDelegate.swift */; };
		280000E62671372A00CC120C /* WelcomeViewController.swift in Sources */ = {isa = PBXBuildFile; fileRef = 280000E52671372A00CC120C /* WelcomeViewController.swift */; };
		280000E92671372A00CC120C /* Main.storyboard in Resources */ = {isa = PBXBuildFile; fileRef = 280000E72671372A00CC120C /* Main.storyboard */; };
		280000EB2671372B00CC120C /* Assets.xcassets in Resources */ = {isa = PBXBuildFile; fileRef = 280000EA2671372B00CC120C /* Assets.xcassets */; };
		280000EE2671372B00CC120C /* LaunchScreen.storyboard in Resources */ = {isa = PBXBuildFile; fileRef = 280000EC2671372B00CC120C /* LaunchScreen.storyboard */; };
		282F47FA2690E146008F6571 /* CreateNewRecipeViewController.swift in Sources */ = {isa = PBXBuildFile; fileRef = 282F47F92690E146008F6571 /* CreateNewRecipeViewController.swift */; };
		28468A372687697200418699 /* HomeDetailViewController.swift in Sources */ = {isa = PBXBuildFile; fileRef = 28468A362687697200418699 /* HomeDetailViewController.swift */; };
		285390ED26878AD700CE3E7A /* HomeDetailsManager.swift in Sources */ = {isa = PBXBuildFile; fileRef = 285390EC26878AD700CE3E7A /* HomeDetailsManager.swift */; };
		285390F626878D4B00CE3E7A /* RecipeDetails.swift in Sources */ = {isa = PBXBuildFile; fileRef = 285390F526878D4B00CE3E7A /* RecipeDetails.swift */; };
		285390F826879F5F00CE3E7A /* AnalyzedInstructions.swift in Sources */ = {isa = PBXBuildFile; fileRef = 285390F726879F5F00CE3E7A /* AnalyzedInstructions.swift */; };
		285390FA26879F8100CE3E7A /* Steps.swift in Sources */ = {isa = PBXBuildFile; fileRef = 285390F926879F8100CE3E7A /* Steps.swift */; };
		287752A42682A26F001EEE57 /* Nutrients.swift in Sources */ = {isa = PBXBuildFile; fileRef = 287752A32682A26F001EEE57 /* Nutrients.swift */; };
		287752A62682A2A3001EEE57 /* Nutrient.swift in Sources */ = {isa = PBXBuildFile; fileRef = 287752A52682A2A3001EEE57 /* Nutrient.swift */; };
		28CF2C0D267CF1C7000BD681 /* SF-Pro-Rounded-Black.otf in Resources */ = {isa = PBXBuildFile; fileRef = 28CF2C0C267CF1C7000BD681 /* SF-Pro-Rounded-Black.otf */; };
		28CF2C13267CF200000BD681 /* SF-Pro-Rounded-Thin.otf in Resources */ = {isa = PBXBuildFile; fileRef = 28CF2C0E267CF1FF000BD681 /* SF-Pro-Rounded-Thin.otf */; };
		28CF2C14267CF200000BD681 /* SF-Pro-Rounded-Light.otf in Resources */ = {isa = PBXBuildFile; fileRef = 28CF2C0F267CF200000BD681 /* SF-Pro-Rounded-Light.otf */; };
		28CF2C15267CF200000BD681 /* SF-Pro-Rounded-Medium.otf in Resources */ = {isa = PBXBuildFile; fileRef = 28CF2C10267CF200000BD681 /* SF-Pro-Rounded-Medium.otf */; };
		28CF2C16267CF200000BD681 /* SF-Pro-Rounded-Regular.otf in Resources */ = {isa = PBXBuildFile; fileRef = 28CF2C11267CF200000BD681 /* SF-Pro-Rounded-Regular.otf */; };
		28CF2C17267CF200000BD681 /* SF-Pro-Rounded-Bold.otf in Resources */ = {isa = PBXBuildFile; fileRef = 28CF2C12267CF200000BD681 /* SF-Pro-Rounded-Bold.otf */; };
		28CF2C19267D35E5000BD681 /* HomeViewController.swift in Sources */ = {isa = PBXBuildFile; fileRef = 28CF2C18267D35E5000BD681 /* HomeViewController.swift */; };
		28CF2C1E267D3C38000BD681 /* HomeTableViewCell.swift in Sources */ = {isa = PBXBuildFile; fileRef = 28CF2C1D267D3C38000BD681 /* HomeTableViewCell.swift */; };
		28CF2C20267D47AA000BD681 /* HomeManager.swift in Sources */ = {isa = PBXBuildFile; fileRef = 28CF2C1F267D47AA000BD681 /* HomeManager.swift */; };
		28CF2C26267D48A4000BD681 /* Recipe.swift in Sources */ = {isa = PBXBuildFile; fileRef = 28CF2C25267D48A4000BD681 /* Recipe.swift */; };
		28CF2C28267D48BA000BD681 /* APIURLs.swift in Sources */ = {isa = PBXBuildFile; fileRef = 28CF2C27267D48BA000BD681 /* APIURLs.swift */; };
		28CF2C2A267D49F0000BD681 /* RecipeResults.swift in Sources */ = {isa = PBXBuildFile; fileRef = 28CF2C29267D49F0000BD681 /* RecipeResults.swift */; };
		28CF2C2D267D574B000BD681 /* UIImageView+Extension.swift in Sources */ = {isa = PBXBuildFile; fileRef = 28CF2C2C267D574B000BD681 /* UIImageView+Extension.swift */; };
/* End PBXBuildFile section */

/* Begin PBXFileReference section */
		280000DE2671372A00CC120C /* MyHealthMyFood.app */ = {isa = PBXFileReference; explicitFileType = wrapper.application; includeInIndex = 0; path = MyHealthMyFood.app; sourceTree = BUILT_PRODUCTS_DIR; };
		280000E12671372A00CC120C /* AppDelegate.swift */ = {isa = PBXFileReference; lastKnownFileType = sourcecode.swift; path = AppDelegate.swift; sourceTree = "<group>"; };
		280000E32671372A00CC120C /* SceneDelegate.swift */ = {isa = PBXFileReference; lastKnownFileType = sourcecode.swift; path = SceneDelegate.swift; sourceTree = "<group>"; };
		280000E52671372A00CC120C /* WelcomeViewController.swift */ = {isa = PBXFileReference; lastKnownFileType = sourcecode.swift; path = WelcomeViewController.swift; sourceTree = "<group>"; };
		280000E82671372A00CC120C /* Base */ = {isa = PBXFileReference; lastKnownFileType = file.storyboard; name = Base; path = Base.lproj/Main.storyboard; sourceTree = "<group>"; };
		280000EA2671372B00CC120C /* Assets.xcassets */ = {isa = PBXFileReference; lastKnownFileType = folder.assetcatalog; path = Assets.xcassets; sourceTree = "<group>"; };
		280000ED2671372B00CC120C /* Base */ = {isa = PBXFileReference; lastKnownFileType = file.storyboard; name = Base; path = Base.lproj/LaunchScreen.storyboard; sourceTree = "<group>"; };
		280000EF2671372B00CC120C /* Info.plist */ = {isa = PBXFileReference; lastKnownFileType = text.plist.xml; path = Info.plist; sourceTree = "<group>"; };
		282F47F92690E146008F6571 /* CreateNewRecipeViewController.swift */ = {isa = PBXFileReference; lastKnownFileType = sourcecode.swift; path = CreateNewRecipeViewController.swift; sourceTree = "<group>"; };
		28468A362687697200418699 /* HomeDetailViewController.swift */ = {isa = PBXFileReference; lastKnownFileType = sourcecode.swift; path = HomeDetailViewController.swift; sourceTree = "<group>"; };
		285390EC26878AD700CE3E7A /* HomeDetailsManager.swift */ = {isa = PBXFileReference; lastKnownFileType = sourcecode.swift; path = HomeDetailsManager.swift; sourceTree = "<group>"; };
		285390F526878D4B00CE3E7A /* RecipeDetails.swift */ = {isa = PBXFileReference; lastKnownFileType = sourcecode.swift; path = RecipeDetails.swift; sourceTree = "<group>"; };
		285390F726879F5F00CE3E7A /* AnalyzedInstructions.swift */ = {isa = PBXFileReference; lastKnownFileType = sourcecode.swift; path = AnalyzedInstructions.swift; sourceTree = "<group>"; };
		285390F926879F8100CE3E7A /* Steps.swift */ = {isa = PBXFileReference; lastKnownFileType = sourcecode.swift; path = Steps.swift; sourceTree = "<group>"; };
		287752A32682A26F001EEE57 /* Nutrients.swift */ = {isa = PBXFileReference; lastKnownFileType = sourcecode.swift; path = Nutrients.swift; sourceTree = "<group>"; };
		287752A52682A2A3001EEE57 /* Nutrient.swift */ = {isa = PBXFileReference; lastKnownFileType = sourcecode.swift; path = Nutrient.swift; sourceTree = "<group>"; };
		28CF2C0C267CF1C7000BD681 /* SF-Pro-Rounded-Black.otf */ = {isa = PBXFileReference; lastKnownFileType = file; path = "SF-Pro-Rounded-Black.otf"; sourceTree = "<group>"; };
		28CF2C0E267CF1FF000BD681 /* SF-Pro-Rounded-Thin.otf */ = {isa = PBXFileReference; lastKnownFileType = file; path = "SF-Pro-Rounded-Thin.otf"; sourceTree = "<group>"; };
		28CF2C0F267CF200000BD681 /* SF-Pro-Rounded-Light.otf */ = {isa = PBXFileReference; lastKnownFileType = file; path = "SF-Pro-Rounded-Light.otf"; sourceTree = "<group>"; };
		28CF2C10267CF200000BD681 /* SF-Pro-Rounded-Medium.otf */ = {isa = PBXFileReference; lastKnownFileType = file; path = "SF-Pro-Rounded-Medium.otf"; sourceTree = "<group>"; };
		28CF2C11267CF200000BD681 /* SF-Pro-Rounded-Regular.otf */ = {isa = PBXFileReference; lastKnownFileType = file; path = "SF-Pro-Rounded-Regular.otf"; sourceTree = "<group>"; };
		28CF2C12267CF200000BD681 /* SF-Pro-Rounded-Bold.otf */ = {isa = PBXFileReference; lastKnownFileType = file; path = "SF-Pro-Rounded-Bold.otf"; sourceTree = "<group>"; };
		28CF2C18267D35E5000BD681 /* HomeViewController.swift */ = {isa = PBXFileReference; lastKnownFileType = sourcecode.swift; path = HomeViewController.swift; sourceTree = "<group>"; };
		28CF2C1D267D3C38000BD681 /* HomeTableViewCell.swift */ = {isa = PBXFileReference; lastKnownFileType = sourcecode.swift; path = HomeTableViewCell.swift; sourceTree = "<group>"; };
		28CF2C1F267D47AA000BD681 /* HomeManager.swift */ = {isa = PBXFileReference; lastKnownFileType = sourcecode.swift; path = HomeManager.swift; sourceTree = "<group>"; };
		28CF2C25267D48A4000BD681 /* Recipe.swift */ = {isa = PBXFileReference; lastKnownFileType = sourcecode.swift; path = Recipe.swift; sourceTree = "<group>"; };
		28CF2C27267D48BA000BD681 /* APIURLs.swift */ = {isa = PBXFileReference; lastKnownFileType = sourcecode.swift; path = APIURLs.swift; sourceTree = "<group>"; };
		28CF2C29267D49F0000BD681 /* RecipeResults.swift */ = {isa = PBXFileReference; lastKnownFileType = sourcecode.swift; path = RecipeResults.swift; sourceTree = "<group>"; };
		28CF2C2C267D574B000BD681 /* UIImageView+Extension.swift */ = {isa = PBXFileReference; lastKnownFileType = sourcecode.swift; path = "UIImageView+Extension.swift"; sourceTree = "<group>"; };
/* End PBXFileReference section */

/* Begin PBXFrameworksBuildPhase section */
		280000DB2671372A00CC120C /* Frameworks */ = {
			isa = PBXFrameworksBuildPhase;
			buildActionMask = 2147483647;
			files = (
			);
			runOnlyForDeploymentPostprocessing = 0;
		};
/* End PBXFrameworksBuildPhase section */

/* Begin PBXGroup section */
		280000D52671372A00CC120C = {
			isa = PBXGroup;
			children = (
				280000E02671372A00CC120C /* MyHealthMyFood */,
				280000DF2671372A00CC120C /* Products */,
			);
			sourceTree = "<group>";
		};
		280000DF2671372A00CC120C /* Products */ = {
			isa = PBXGroup;
			children = (
				280000DE2671372A00CC120C /* MyHealthMyFood.app */,
			);
			name = Products;
			sourceTree = "<group>";
		};
		280000E02671372A00CC120C /* MyHealthMyFood */ = {
			isa = PBXGroup;
			children = (
				28CF2C1A267D35F2000BD681 /* App */,
				2845D75226836281000EB460 /* Resources */,
				28CF2C2B267D5701000BD681 /* Extensions */,
				28CF2C0B267CF1A1000BD681 /* fonts */,
			);
			path = MyHealthMyFood;
			sourceTree = "<group>";
		};
		282F47F62690D1D2008F6571 /* Create new  */ = {
			isa = PBXGroup;
			children = (
				282F47F82690D244008F6571 /* View Controllers */,
			);
			path = "Create new ";
			sourceTree = "<group>";
		};
		282F47F82690D244008F6571 /* View Controllers */ = {
			isa = PBXGroup;
			children = (
				282F47F92690E146008F6571 /* CreateNewRecipeViewController.swift */,
			);
			path = "View Controllers";
			sourceTree = "<group>";
		};
		2845D75226836281000EB460 /* Resources */ = {
			isa = PBXGroup;
			children = (
				28CF2C27267D48BA000BD681 /* APIURLs.swift */,
				280000E72671372A00CC120C /* Main.storyboard */,
				280000EA2671372B00CC120C /* Assets.xcassets */,
				280000EC2671372B00CC120C /* LaunchScreen.storyboard */,
				280000EF2671372B00CC120C /* Info.plist */,
			);
			path = Resources;
			sourceTree = "<group>";
		};
		285390EE26878C9000CE3E7A /* Recipe */ = {
			isa = PBXGroup;
			children = (
				28CF2C25267D48A4000BD681 /* Recipe.swift */,
				28CF2C29267D49F0000BD681 /* RecipeResults.swift */,
				287752A52682A2A3001EEE57 /* Nutrient.swift */,
				287752A32682A26F001EEE57 /* Nutrients.swift */,
			);
			path = Recipe;
			sourceTree = "<group>";
		};
		285390EF26878CAB00CE3E7A /* RecipeDetail */ = {
			isa = PBXGroup;
			children = (
				285390F526878D4B00CE3E7A /* RecipeDetails.swift */,
				285390F726879F5F00CE3E7A /* AnalyzedInstructions.swift */,
				285390F926879F8100CE3E7A /* Steps.swift */,
			);
			path = RecipeDetail;
			sourceTree = "<group>";
		};
		285390F026878CC300CE3E7A /* Recipe */ = {
			isa = PBXGroup;
			children = (
				28CF2C18267D35E5000BD681 /* HomeViewController.swift */,
			);
			path = Recipe;
			sourceTree = "<group>";
		};
		285390F126878CD000CE3E7A /* RecipeDetail */ = {
			isa = PBXGroup;
			children = (
				28468A362687697200418699 /* HomeDetailViewController.swift */,
			);
			path = RecipeDetail;
			sourceTree = "<group>";
		};
		285390F226878CDB00CE3E7A /* Recipe */ = {
			isa = PBXGroup;
			children = (
				28CF2C1F267D47AA000BD681 /* HomeManager.swift */,
			);
			path = Recipe;
			sourceTree = "<group>";
		};
		285390F326878CE700CE3E7A /* RecipeDetail */ = {
			isa = PBXGroup;
			children = (
				285390EC26878AD700CE3E7A /* HomeDetailsManager.swift */,
			);
			path = RecipeDetail;
			sourceTree = "<group>";
		};
		285390F426878CF300CE3E7A /* Recipe */ = {
			isa = PBXGroup;
			children = (
				28CF2C1D267D3C38000BD681 /* HomeTableViewCell.swift */,
			);
			path = Recipe;
			sourceTree = "<group>";
		};
		28CF2C0B267CF1A1000BD681 /* fonts */ = {
			isa = PBXGroup;
			children = (
				28CF2C0C267CF1C7000BD681 /* SF-Pro-Rounded-Black.otf */,
				28CF2C12267CF200000BD681 /* SF-Pro-Rounded-Bold.otf */,
				28CF2C0F267CF200000BD681 /* SF-Pro-Rounded-Light.otf */,
				28CF2C10267CF200000BD681 /* SF-Pro-Rounded-Medium.otf */,
				28CF2C11267CF200000BD681 /* SF-Pro-Rounded-Regular.otf */,
				28CF2C0E267CF1FF000BD681 /* SF-Pro-Rounded-Thin.otf */,
			);
			path = fonts;
			sourceTree = "<group>";
		};
		28CF2C1A267D35F2000BD681 /* App */ = {
			isa = PBXGroup;
			children = (
				28CF2C1B267D360D000BD681 /* Welcome */,
				28CF2C1C267D361D000BD681 /* Home */,
				282F47F62690D1D2008F6571 /* Create new  */,
				280000E12671372A00CC120C /* AppDelegate.swift */,
				280000E32671372A00CC120C /* SceneDelegate.swift */,
			);
			path = App;
			sourceTree = "<group>";
		};
		28CF2C1B267D360D000BD681 /* Welcome */ = {
			isa = PBXGroup;
			children = (
				280000E52671372A00CC120C /* WelcomeViewController.swift */,
			);
			path = Welcome;
			sourceTree = "<group>";
		};
		28CF2C1C267D361D000BD681 /* Home */ = {
			isa = PBXGroup;
			children = (
				28CF2C24267D47E2000BD681 /* Model */,
				28CF2C21267D47B3000BD681 /* ViewControllers */,
				28CF2C22267D47C6000BD681 /* Managers */,
				28CF2C23267D47D7000BD681 /* View */,
			);
			path = Home;
			sourceTree = "<group>";
		};
		28CF2C21267D47B3000BD681 /* ViewControllers */ = {
			isa = PBXGroup;
			children = (
				285390F026878CC300CE3E7A /* Recipe */,
				285390F126878CD000CE3E7A /* RecipeDetail */,
			);
			path = ViewControllers;
			sourceTree = "<group>";
		};
		28CF2C22267D47C6000BD681 /* Managers */ = {
			isa = PBXGroup;
			children = (
				285390F226878CDB00CE3E7A /* Recipe */,
				285390F326878CE700CE3E7A /* RecipeDetail */,
			);
			path = Managers;
			sourceTree = "<group>";
		};
		28CF2C23267D47D7000BD681 /* View */ = {
			isa = PBXGroup;
			children = (
				285390F426878CF300CE3E7A /* Recipe */,
			);
			path = View;
			sourceTree = "<group>";
		};
		28CF2C24267D47E2000BD681 /* Model */ = {
			isa = PBXGroup;
			children = (
				285390EF26878CAB00CE3E7A /* RecipeDetail */,
				285390EE26878C9000CE3E7A /* Recipe */,
			);
			path = Model;
			sourceTree = "<group>";
		};
		28CF2C2B267D5701000BD681 /* Extensions */ = {
			isa = PBXGroup;
			children = (
				28CF2C2C267D574B000BD681 /* UIImageView+Extension.swift */,
			);
			path = Extensions;
			sourceTree = "<group>";
		};
/* End PBXGroup section */

/* Begin PBXNativeTarget section */
		280000DD2671372A00CC120C /* MyHealthMyFood */ = {
			isa = PBXNativeTarget;
			buildConfigurationList = 280000F22671372B00CC120C /* Build configuration list for PBXNativeTarget "MyHealthMyFood" */;
			buildPhases = (
				280000DA2671372A00CC120C /* Sources */,
				280000DB2671372A00CC120C /* Frameworks */,
				280000DC2671372A00CC120C /* Resources */,
			);
			buildRules = (
			);
			dependencies = (
			);
			name = MyHealthMyFood;
			productName = MyHealthMyFood;
			productReference = 280000DE2671372A00CC120C /* MyHealthMyFood.app */;
			productType = "com.apple.product-type.application";
		};
/* End PBXNativeTarget section */

/* Begin PBXProject section */
		280000D62671372A00CC120C /* Project object */ = {
			isa = PBXProject;
			attributes = {
				LastSwiftUpdateCheck = 1250;
				LastUpgradeCheck = 1250;
				TargetAttributes = {
					280000DD2671372A00CC120C = {
						CreatedOnToolsVersion = 12.5;
					};
				};
			};
			buildConfigurationList = 280000D92671372A00CC120C /* Build configuration list for PBXProject "MyHealthMyFood" */;
			compatibilityVersion = "Xcode 9.3";
			developmentRegion = en;
			hasScannedForEncodings = 0;
			knownRegions = (
				en,
				Base,
			);
			mainGroup = 280000D52671372A00CC120C;
			productRefGroup = 280000DF2671372A00CC120C /* Products */;
			projectDirPath = "";
			projectRoot = "";
			targets = (
				280000DD2671372A00CC120C /* MyHealthMyFood */,
			);
		};
/* End PBXProject section */

/* Begin PBXResourcesBuildPhase section */
		280000DC2671372A00CC120C /* Resources */ = {
			isa = PBXResourcesBuildPhase;
			buildActionMask = 2147483647;
			files = (
				280000EE2671372B00CC120C /* LaunchScreen.storyboard in Resources */,
				28CF2C15267CF200000BD681 /* SF-Pro-Rounded-Medium.otf in Resources */,
				28CF2C14267CF200000BD681 /* SF-Pro-Rounded-Light.otf in Resources */,
				280000EB2671372B00CC120C /* Assets.xcassets in Resources */,
				28CF2C0D267CF1C7000BD681 /* SF-Pro-Rounded-Black.otf in Resources */,
				28CF2C16267CF200000BD681 /* SF-Pro-Rounded-Regular.otf in Resources */,
				28CF2C17267CF200000BD681 /* SF-Pro-Rounded-Bold.otf in Resources */,
				28CF2C13267CF200000BD681 /* SF-Pro-Rounded-Thin.otf in Resources */,
				280000E92671372A00CC120C /* Main.storyboard in Resources */,
			);
			runOnlyForDeploymentPostprocessing = 0;
		};
/* End PBXResourcesBuildPhase section */

/* Begin PBXSourcesBuildPhase section */
		280000DA2671372A00CC120C /* Sources */ = {
			isa = PBXSourcesBuildPhase;
			buildActionMask = 2147483647;
			files = (
				28CF2C2D267D574B000BD681 /* UIImageView+Extension.swift in Sources */,
				280000E62671372A00CC120C /* WelcomeViewController.swift in Sources */,
				285390F826879F5F00CE3E7A /* AnalyzedInstructions.swift in Sources */,
				287752A62682A2A3001EEE57 /* Nutrient.swift in Sources */,
				285390F626878D4B00CE3E7A /* RecipeDetails.swift in Sources */,
				28CF2C26267D48A4000BD681 /* Recipe.swift in Sources */,
				28CF2C1E267D3C38000BD681 /* HomeTableViewCell.swift in Sources */,
				287752A42682A26F001EEE57 /* Nutrients.swift in Sources */,
				280000E22671372A00CC120C /* AppDelegate.swift in Sources */,
				285390FA26879F8100CE3E7A /* Steps.swift in Sources */,
				280000E42671372A00CC120C /* SceneDelegate.swift in Sources */,
				282F47FA2690E146008F6571 /* CreateNewRecipeViewController.swift in Sources */,
				28CF2C20267D47AA000BD681 /* HomeManager.swift in Sources */,
				28CF2C2A267D49F0000BD681 /* RecipeResults.swift in Sources */,
				28CF2C28267D48BA000BD681 /* APIURLs.swift in Sources */,
				285390ED26878AD700CE3E7A /* HomeDetailsManager.swift in Sources */,
				28CF2C19267D35E5000BD681 /* HomeViewController.swift in Sources */,
				28468A372687697200418699 /* HomeDetailViewController.swift in Sources */,
			);
			runOnlyForDeploymentPostprocessing = 0;
		};
/* End PBXSourcesBuildPhase section */

/* Begin PBXVariantGroup section */
		280000E72671372A00CC120C /* Main.storyboard */ = {
			isa = PBXVariantGroup;
			children = (
				280000E82671372A00CC120C /* Base */,
			);
			name = Main.storyboard;
			sourceTree = "<group>";
		};
		280000EC2671372B00CC120C /* LaunchScreen.storyboard */ = {
			isa = PBXVariantGroup;
			children = (
				280000ED2671372B00CC120C /* Base */,
			);
			name = LaunchScreen.storyboard;
			sourceTree = "<group>";
		};
/* End PBXVariantGroup section */

/* Begin XCBuildConfiguration section */
		280000F02671372B00CC120C /* Debug */ = {
			isa = XCBuildConfiguration;
			buildSettings = {
				ALWAYS_SEARCH_USER_PATHS = NO;
				CLANG_ANALYZER_NONNULL = YES;
				CLANG_ANALYZER_NUMBER_OBJECT_CONVERSION = YES_AGGRESSIVE;
				CLANG_CXX_LANGUAGE_STANDARD = "gnu++14";
				CLANG_CXX_LIBRARY = "libc++";
				CLANG_ENABLE_MODULES = YES;
				CLANG_ENABLE_OBJC_ARC = YES;
				CLANG_ENABLE_OBJC_WEAK = YES;
				CLANG_WARN_BLOCK_CAPTURE_AUTORELEASING = YES;
				CLANG_WARN_BOOL_CONVERSION = YES;
				CLANG_WARN_COMMA = YES;
				CLANG_WARN_CONSTANT_CONVERSION = YES;
				CLANG_WARN_DEPRECATED_OBJC_IMPLEMENTATIONS = YES;
				CLANG_WARN_DIRECT_OBJC_ISA_USAGE = YES_ERROR;
				CLANG_WARN_DOCUMENTATION_COMMENTS = YES;
				CLANG_WARN_EMPTY_BODY = YES;
				CLANG_WARN_ENUM_CONVERSION = YES;
				CLANG_WARN_INFINITE_RECURSION = YES;
				CLANG_WARN_INT_CONVERSION = YES;
				CLANG_WARN_NON_LITERAL_NULL_CONVERSION = YES;
				CLANG_WARN_OBJC_IMPLICIT_RETAIN_SELF = YES;
				CLANG_WARN_OBJC_LITERAL_CONVERSION = YES;
				CLANG_WARN_OBJC_ROOT_CLASS = YES_ERROR;
				CLANG_WARN_QUOTED_INCLUDE_IN_FRAMEWORK_HEADER = YES;
				CLANG_WARN_RANGE_LOOP_ANALYSIS = YES;
				CLANG_WARN_STRICT_PROTOTYPES = YES;
				CLANG_WARN_SUSPICIOUS_MOVE = YES;
				CLANG_WARN_UNGUARDED_AVAILABILITY = YES_AGGRESSIVE;
				CLANG_WARN_UNREACHABLE_CODE = YES;
				CLANG_WARN__DUPLICATE_METHOD_MATCH = YES;
				COPY_PHASE_STRIP = NO;
				DEBUG_INFORMATION_FORMAT = dwarf;
				ENABLE_STRICT_OBJC_MSGSEND = YES;
				ENABLE_TESTABILITY = YES;
				GCC_C_LANGUAGE_STANDARD = gnu11;
				GCC_DYNAMIC_NO_PIC = NO;
				GCC_NO_COMMON_BLOCKS = YES;
				GCC_OPTIMIZATION_LEVEL = 0;
				GCC_PREPROCESSOR_DEFINITIONS = (
					"DEBUG=1",
					"$(inherited)",
				);
				GCC_WARN_64_TO_32_BIT_CONVERSION = YES;
				GCC_WARN_ABOUT_RETURN_TYPE = YES_ERROR;
				GCC_WARN_UNDECLARED_SELECTOR = YES;
				GCC_WARN_UNINITIALIZED_AUTOS = YES_AGGRESSIVE;
				GCC_WARN_UNUSED_FUNCTION = YES;
				GCC_WARN_UNUSED_VARIABLE = YES;
				IPHONEOS_DEPLOYMENT_TARGET = 14.5;
				MTL_ENABLE_DEBUG_INFO = INCLUDE_SOURCE;
				MTL_FAST_MATH = YES;
				ONLY_ACTIVE_ARCH = YES;
				SDKROOT = iphoneos;
				SWIFT_ACTIVE_COMPILATION_CONDITIONS = DEBUG;
				SWIFT_OPTIMIZATION_LEVEL = "-Onone";
			};
			name = Debug;
		};
		280000F12671372B00CC120C /* Release */ = {
			isa = XCBuildConfiguration;
			buildSettings = {
				ALWAYS_SEARCH_USER_PATHS = NO;
				CLANG_ANALYZER_NONNULL = YES;
				CLANG_ANALYZER_NUMBER_OBJECT_CONVERSION = YES_AGGRESSIVE;
				CLANG_CXX_LANGUAGE_STANDARD = "gnu++14";
				CLANG_CXX_LIBRARY = "libc++";
				CLANG_ENABLE_MODULES = YES;
				CLANG_ENABLE_OBJC_ARC = YES;
				CLANG_ENABLE_OBJC_WEAK = YES;
				CLANG_WARN_BLOCK_CAPTURE_AUTORELEASING = YES;
				CLANG_WARN_BOOL_CONVERSION = YES;
				CLANG_WARN_COMMA = YES;
				CLANG_WARN_CONSTANT_CONVERSION = YES;
				CLANG_WARN_DEPRECATED_OBJC_IMPLEMENTATIONS = YES;
				CLANG_WARN_DIRECT_OBJC_ISA_USAGE = YES_ERROR;
				CLANG_WARN_DOCUMENTATION_COMMENTS = YES;
				CLANG_WARN_EMPTY_BODY = YES;
				CLANG_WARN_ENUM_CONVERSION = YES;
				CLANG_WARN_INFINITE_RECURSION = YES;
				CLANG_WARN_INT_CONVERSION = YES;
				CLANG_WARN_NON_LITERAL_NULL_CONVERSION = YES;
				CLANG_WARN_OBJC_IMPLICIT_RETAIN_SELF = YES;
				CLANG_WARN_OBJC_LITERAL_CONVERSION = YES;
				CLANG_WARN_OBJC_ROOT_CLASS = YES_ERROR;
				CLANG_WARN_QUOTED_INCLUDE_IN_FRAMEWORK_HEADER = YES;
				CLANG_WARN_RANGE_LOOP_ANALYSIS = YES;
				CLANG_WARN_STRICT_PROTOTYPES = YES;
				CLANG_WARN_SUSPICIOUS_MOVE = YES;
				CLANG_WARN_UNGUARDED_AVAILABILITY = YES_AGGRESSIVE;
				CLANG_WARN_UNREACHABLE_CODE = YES;
				CLANG_WARN__DUPLICATE_METHOD_MATCH = YES;
				COPY_PHASE_STRIP = NO;
				DEBUG_INFORMATION_FORMAT = "dwarf-with-dsym";
				ENABLE_NS_ASSERTIONS = NO;
				ENABLE_STRICT_OBJC_MSGSEND = YES;
				GCC_C_LANGUAGE_STANDARD = gnu11;
				GCC_NO_COMMON_BLOCKS = YES;
				GCC_WARN_64_TO_32_BIT_CONVERSION = YES;
				GCC_WARN_ABOUT_RETURN_TYPE = YES_ERROR;
				GCC_WARN_UNDECLARED_SELECTOR = YES;
				GCC_WARN_UNINITIALIZED_AUTOS = YES_AGGRESSIVE;
				GCC_WARN_UNUSED_FUNCTION = YES;
				GCC_WARN_UNUSED_VARIABLE = YES;
				IPHONEOS_DEPLOYMENT_TARGET = 14.5;
				MTL_ENABLE_DEBUG_INFO = NO;
				MTL_FAST_MATH = YES;
				SDKROOT = iphoneos;
				SWIFT_COMPILATION_MODE = wholemodule;
				SWIFT_OPTIMIZATION_LEVEL = "-O";
				VALIDATE_PRODUCT = YES;
			};
			name = Release;
		};
		280000F32671372B00CC120C /* Debug */ = {
			isa = XCBuildConfiguration;
			buildSettings = {
				ASSETCATALOG_COMPILER_APPICON_NAME = AppIcon;
				ASSETCATALOG_COMPILER_GLOBAL_ACCENT_COLOR_NAME = AccentColor;
				CODE_SIGN_STYLE = Automatic;
				INFOPLIST_FILE = MyHealthMyFood/Resources/Info.plist;
				LD_RUNPATH_SEARCH_PATHS = (
					"$(inherited)",
					"@executable_path/Frameworks",
				);
				PRODUCT_BUNDLE_IDENTIFIER = com.tamaraGrche.MyHealthMyFood;
				PRODUCT_NAME = "$(TARGET_NAME)";
				SWIFT_OPTIMIZATION_LEVEL = "-O";
				SWIFT_VERSION = 5.0;
				TARGETED_DEVICE_FAMILY = "1,2";
			};
			name = Debug;
		};
		280000F42671372B00CC120C /* Release */ = {
			isa = XCBuildConfiguration;
			buildSettings = {
				ASSETCATALOG_COMPILER_APPICON_NAME = AppIcon;
				ASSETCATALOG_COMPILER_GLOBAL_ACCENT_COLOR_NAME = AccentColor;
				CODE_SIGN_STYLE = Automatic;
				INFOPLIST_FILE = MyHealthMyFood/Resources/Info.plist;
				LD_RUNPATH_SEARCH_PATHS = (
					"$(inherited)",
					"@executable_path/Frameworks",
				);
				PRODUCT_BUNDLE_IDENTIFIER = com.tamaraGrche.MyHealthMyFood;
				PRODUCT_NAME = "$(TARGET_NAME)";
				SWIFT_OPTIMIZATION_LEVEL = "-O";
				SWIFT_VERSION = 5.0;
				TARGETED_DEVICE_FAMILY = "1,2";
			};
			name = Release;
		};
/* End XCBuildConfiguration section */

/* Begin XCConfigurationList section */
		280000D92671372A00CC120C /* Build configuration list for PBXProject "MyHealthMyFood" */ = {
			isa = XCConfigurationList;
			buildConfigurations = (
				280000F02671372B00CC120C /* Debug */,
				280000F12671372B00CC120C /* Release */,
			);
			defaultConfigurationIsVisible = 0;
			defaultConfigurationName = Release;
		};
		280000F22671372B00CC120C /* Build configuration list for PBXNativeTarget "MyHealthMyFood" */ = {
			isa = XCConfigurationList;
			buildConfigurations = (
				280000F32671372B00CC120C /* Debug */,
				280000F42671372B00CC120C /* Release */,
			);
			defaultConfigurationIsVisible = 0;
			defaultConfigurationName = Release;
		};
/* End XCConfigurationList section */
	};
	rootObject = 280000D62671372A00CC120C /* Project object */;
}
